
Microsoft Visual Studio Solution File, Format Version 12.00
# Visual Studio 15
VisualStudioVersion = 15.0.26124.0
MinimumVisualStudioVersion = 15.0.26124.0
Project("{2150E333-8FDC-42A3-9474-1A3956D46DE8}") = "src", "src", "{8473F76D-B21C-4292-83A0-704EAD44FFD1}"
EndProject
Project("{FAE04EC0-301F-11D3-BF4B-00C04F79EFBC}") = "ReplTap", "src\ReplTap\ReplTap.csproj", "{5AD554D4-656D-4AA3-9A72-FDD60698135D}"
EndProject
Project("{FAE04EC0-301F-11D3-BF4B-00C04F79EFBC}") = "ReplTap.ConsoleHost", "src\ReplTap.ConsoleHost\ReplTap.ConsoleHost.csproj", "{5EB54293-1CDA-4FEE-8C17-C58A51DAF766}"
EndProject
Project("{FAE04EC0-301F-11D3-BF4B-00C04F79EFBC}") = "ReplTap.Core", "src\ReplTap.Core\ReplTap.Core.csproj", "{A0F8F36C-5E42-4504-BC4F-6C62FAC59099}"
EndProject
Global
	GlobalSection(SolutionConfigurationPlatforms) = preSolution
		Debug|Any CPU = Debug|Any CPU
		Debug|x64 = Debug|x64
		Debug|x86 = Debug|x86
		Release|Any CPU = Release|Any CPU
		Release|x64 = Release|x64
		Release|x86 = Release|x86
	EndGlobalSection
	GlobalSection(SolutionProperties) = preSolution
		HideSolutionNode = FALSE
	EndGlobalSection
	GlobalSection(ProjectConfigurationPlatforms) = postSolution
		{5AD554D4-656D-4AA3-9A72-FDD60698135D}.Debug|Any CPU.ActiveCfg = Debug|Any CPU
		{5AD554D4-656D-4AA3-9A72-FDD60698135D}.Debug|Any CPU.Build.0 = Debug|Any CPU
		{5AD554D4-656D-4AA3-9A72-FDD60698135D}.Debug|x64.ActiveCfg = Debug|Any CPU
		{5AD554D4-656D-4AA3-9A72-FDD60698135D}.Debug|x64.Build.0 = Debug|Any CPU
		{5AD554D4-656D-4AA3-9A72-FDD60698135D}.Debug|x86.ActiveCfg = Debug|Any CPU
		{5AD554D4-656D-4AA3-9A72-FDD60698135D}.Debug|x86.Build.0 = Debug|Any CPU
		{5AD554D4-656D-4AA3-9A72-FDD60698135D}.Release|Any CPU.ActiveCfg = Release|Any CPU
		{5AD554D4-656D-4AA3-9A72-FDD60698135D}.Release|Any CPU.Build.0 = Release|Any CPU
		{5AD554D4-656D-4AA3-9A72-FDD60698135D}.Release|x64.ActiveCfg = Release|Any CPU
		{5AD554D4-656D-4AA3-9A72-FDD60698135D}.Release|x64.Build.0 = Release|Any CPU
		{5AD554D4-656D-4AA3-9A72-FDD60698135D}.Release|x86.ActiveCfg = Release|Any CPU
		{5AD554D4-656D-4AA3-9A72-FDD60698135D}.Release|x86.Build.0 = Release|Any CPU
		{5EB54293-1CDA-4FEE-8C17-C58A51DAF766}.Debug|Any CPU.ActiveCfg = Debug|Any CPU
		{5EB54293-1CDA-4FEE-8C17-C58A51DAF766}.Debug|Any CPU.Build.0 = Debug|Any CPU
		{5EB54293-1CDA-4FEE-8C17-C58A51DAF766}.Debug|x64.ActiveCfg = Debug|Any CPU
		{5EB54293-1CDA-4FEE-8C17-C58A51DAF766}.Debug|x64.Build.0 = Debug|Any CPU
		{5EB54293-1CDA-4FEE-8C17-C58A51DAF766}.Debug|x86.ActiveCfg = Debug|Any CPU
		{5EB54293-1CDA-4FEE-8C17-C58A51DAF766}.Debug|x86.Build.0 = Debug|Any CPU
		{5EB54293-1CDA-4FEE-8C17-C58A51DAF766}.Release|Any CPU.ActiveCfg = Release|Any CPU
		{5EB54293-1CDA-4FEE-8C17-C58A51DAF766}.Release|Any CPU.Build.0 = Release|Any CPU
		{5EB54293-1CDA-4FEE-8C17-C58A51DAF766}.Release|x64.ActiveCfg = Release|Any CPU
		{5EB54293-1CDA-4FEE-8C17-C58A51DAF766}.Release|x64.Build.0 = Release|Any CPU
		{5EB54293-1CDA-4FEE-8C17-C58A51DAF766}.Release|x86.ActiveCfg = Release|Any CPU
		{5EB54293-1CDA-4FEE-8C17-C58A51DAF766}.Release|x86.Build.0 = Release|Any CPU
		{A0F8F36C-5E42-4504-BC4F-6C62FAC59099}.Debug|Any CPU.ActiveCfg = Debug|Any CPU
		{A0F8F36C-5E42-4504-BC4F-6C62FAC59099}.Debug|Any CPU.Build.0 = Debug|Any CPU
		{A0F8F36C-5E42-4504-BC4F-6C62FAC59099}.Debug|x64.ActiveCfg = Debug|Any CPU
		{A0F8F36C-5E42-4504-BC4F-6C62FAC59099}.Debug|x64.Build.0 = Debug|Any CPU
		{A0F8F36C-5E42-4504-BC4F-6C62FAC59099}.Debug|x86.ActiveCfg = Debug|Any CPU
		{A0F8F36C-5E42-4504-BC4F-6C62FAC59099}.Debug|x86.Build.0 = Debug|Any CPU
		{A0F8F36C-5E42-4504-BC4F-6C62FAC59099}.Release|Any CPU.ActiveCfg = Release|Any CPU
		{A0F8F36C-5E42-4504-BC4F-6C62FAC59099}.Release|Any CPU.Build.0 = Release|Any CPU
		{A0F8F36C-5E42-4504-BC4F-6C62FAC59099}.Release|x64.ActiveCfg = Release|Any CPU
		{A0F8F36C-5E42-4504-BC4F-6C62FAC59099}.Release|x64.Build.0 = Release|Any CPU
		{A0F8F36C-5E42-4504-BC4F-6C62FAC59099}.Release|x86.ActiveCfg = Release|Any CPU
		{A0F8F36C-5E42-4504-BC4F-6C62FAC59099}.Release|x86.Build.0 = Release|Any CPU
	EndGlobalSection
	GlobalSection(NestedProjects) = preSolution
		{5AD554D4-656D-4AA3-9A72-FDD60698135D} = {8473F76D-B21C-4292-83A0-704EAD44FFD1}
		{5EB54293-1CDA-4FEE-8C17-C58A51DAF766} = {8473F76D-B21C-4292-83A0-704EAD44FFD1}
		{A0F8F36C-5E42-4504-BC4F-6C62FAC59099} = {8473F76D-B21C-4292-83A0-704EAD44FFD1}
	EndGlobalSection
EndGlobal
